lockfileVersion: '6.0'

settings:
  autoInstallPeers: true
  excludeLinksFromLockfile: false

devDependencies:
  node-xlsx:
    specifier: ^0.24.0
    version: 0.24.0
  prettier:
    specifier: ^3.2.5
    version: 3.2.5
  typescript:
    specifier: ^5.4.5
    version: 5.4.5

packages:

  /node-xlsx@0.24.0:
    resolution: {integrity: sha512-1olwK48XK9nXZsyH/FCltvGrQYvXXZuxVitxXXv2GIuRm51aBi1+5KwR4rWM4KeO61sFU+00913WLZTD+AcXEg==}
    engines: {node: '>=10.0.0'}
    hasBin: true
    dependencies:
      xlsx: '@cdn.sheetjs.com/xlsx-0.20.2/xlsx-0.20.2.tgz'
    dev: true

  /prettier@3.2.5:
    resolution: {integrity: sha512-3/GWa9aOC0YeD7LUfvOG2NiDyhOWRvt1k+rcKhOuYnMY24iiCphgneUfJDyFXd6rZCAnuLBv6UeAULtrhT/F4A==}
    engines: {node: '>=14'}
    hasBin: true
    dev: true

  /typescript@5.4.5:
    resolution: {integrity: sha512-vcI4UpRgg81oIRUFwR0WSIHKt11nJ7SAVlYNIu+QpqeyXP+gpQJy/Z4+F0aGxSE4MqwjyXvW/TzgkLAx2AGHwQ==}
    engines: {node: '>=14.17'}
    hasBin: true
    dev: true

  '@cdn.sheetjs.com/xlsx-0.20.2/xlsx-0.20.2.tgz':
    resolution: {tarball: https://cdn.sheetjs.com/xlsx-0.20.2/xlsx-0.20.2.tgz}
    name: xlsx
    version: 0.20.2
    engines: {node: '>=0.8'}
    hasBin: true
    dev: true
